
Microsoft Visual Studio Solution File, Format Version 12.00
# Visual Studio Version 16
VisualStudioVersion = 16.0.30114.105
MinimumVisualStudioVersion = 10.0.40219.1
Project("{9A19103F-16F7-4668-BE54-9A1E7A4F7556}") = "API", "API\API.csproj", "{A24CE315-8B14-465A-AA3E-FF1E27F58CB8}"
EndProject
Project("{9A19103F-16F7-4668-BE54-9A1E7A4F7556}") = "Domain", "Domain\Domain.csproj", "{AD5F49E6-6C66-4111-B2FC-9C04E3AB196F}"
EndProject
Project("{FAE04EC0-301F-11D3-BF4B-00C04F79EFBC}") = "Application", "Application\Application.csproj", "{F4A02EF3-C72C-46D0-9FA3-4920D82EC86A}"
EndProject
Global
	GlobalSection(SolutionConfigurationPlatforms) = preSolution
		Debug|Any CPU = Debug|Any CPU
		Release|Any CPU = Release|Any CPU
	EndGlobalSection
	GlobalSection(ProjectConfigurationPlatforms) = postSolution
		{A24CE315-8B14-465A-AA3E-FF1E27F58CB8}.Debug|Any CPU.ActiveCfg = Debug|Any CPU
		{A24CE315-8B14-465A-AA3E-FF1E27F58CB8}.Debug|Any CPU.Build.0 = Debug|Any CPU
		{A24CE315-8B14-465A-AA3E-FF1E27F58CB8}.Release|Any CPU.ActiveCfg = Release|Any CPU
		{A24CE315-8B14-465A-AA3E-FF1E27F58CB8}.Release|Any CPU.Build.0 = Release|Any CPU
		{AD5F49E6-6C66-4111-B2FC-9C04E3AB196F}.Debug|Any CPU.ActiveCfg = Debug|Any CPU
		{AD5F49E6-6C66-4111-B2FC-9C04E3AB196F}.Debug|Any CPU.Build.0 = Debug|Any CPU
		{AD5F49E6-6C66-4111-B2FC-9C04E3AB196F}.Release|Any CPU.ActiveCfg = Release|Any CPU
		{AD5F49E6-6C66-4111-B2FC-9C04E3AB196F}.Release|Any CPU.Build.0 = Release|Any CPU
		{F4A02EF3-C72C-46D0-9FA3-4920D82EC86A}.Debug|Any CPU.ActiveCfg = Debug|Any CPU
		{F4A02EF3-C72C-46D0-9FA3-4920D82EC86A}.Debug|Any CPU.Build.0 = Debug|Any CPU
		{F4A02EF3-C72C-46D0-9FA3-4920D82EC86A}.Release|Any CPU.ActiveCfg = Release|Any CPU
		{F4A02EF3-C72C-46D0-9FA3-4920D82EC86A}.Release|Any CPU.Build.0 = Release|Any CPU
	EndGlobalSection
	GlobalSection(SolutionProperties) = preSolution
		HideSolutionNode = FALSE
	EndGlobalSection
	GlobalSection(ExtensibilityGlobals) = postSolution
		SolutionGuid = {CAAF4701-FE3A-44EA-9F18-F1B049A0892D}
	EndGlobalSection
EndGlobal
