{
  "requires": true,
  "lockfileVersion": 1,
  "dependencies": {
    "bootstrap-icons": {
      "version": "1.8.1",
      "resolved": "https://registry.npmjs.org/bootstrap-icons/-/bootstrap-icons-1.8.1.tgz",
      "integrity": "sha512-IXUqislddPJfwq6H+2nTkHyr9epO9h6u1AG0OZCx616w+TgzeoCjfmI3qJMQqt1J586gN2IxzB4M99Ip4sTZ1w=="
    },
    "ngx-bootstrap-icons": {
      "version": "1.8.2",
      "resolved": "https://registry.npmjs.org/ngx-bootstrap-icons/-/ngx-bootstrap-icons-1.8.2.tgz",
      "integrity": "sha512-Giak0pGoy+iGdYym9Ty1U5Bi7k4xg39zxeiHS/m0gQpPV3se9VDP0fUnw+9/C299WwkP00pi0BwYJEvWqZVUAA==",
      "requires": {
        "tslib": "^2.3.0"
      }
    },
    "tslib": {
      "version": "2.4.0",
      "resolved": "https://registry.npmjs.org/tslib/-/tslib-2.4.0.tgz",
      "integrity": "sha512-d6xOpEDfsi2CZVlPQzGeux8XMwLT9hssAsaPYExaQMuYskwb+x1x7J371tWlbBdWHroy99KnVB6qIkUbs5X3UQ=="
    }
  }
}
